
Microsoft Visual Studio Solution File, Format Version 12.00
# Visual Studio Version 16
VisualStudioVersion = 16.0.31229.75
MinimumVisualStudioVersion = 10.0.40219.1
Project("{FAE04EC0-301F-11D3-BF4B-00C04F79EFBC}") = "Aplicação 11-04 as 1-29", "Aplicação 11-04 as 1-29\Aplicação 11-04 as 1-29.csproj", "{BA589481-A42B-4E60-8C54-49B03B795464}"
EndProject
Global
	GlobalSection(SolutionConfigurationPlatforms) = preSolution
		Debug|Any CPU = Debug|Any CPU
		Release|Any CPU = Release|Any CPU
	EndGlobalSection
	GlobalSection(ProjectConfigurationPlatforms) = postSolution
		{BA589481-A42B-4E60-8C54-49B03B795464}.Debug|Any CPU.ActiveCfg = Debug|Any CPU
		{BA589481-A42B-4E60-8C54-49B03B795464}.Debug|Any CPU.Build.0 = Debug|Any CPU
		{BA589481-A42B-4E60-8C54-49B03B795464}.Release|Any CPU.ActiveCfg = Release|Any CPU
		{BA589481-A42B-4E60-8C54-49B03B795464}.Release|Any CPU.Build.0 = Release|Any CPU
	EndGlobalSection
	GlobalSection(SolutionProperties) = preSolution
		HideSolutionNode = FALSE
	EndGlobalSection
	GlobalSection(ExtensibilityGlobals) = postSolution
		SolutionGuid = {C4C347E6-981B-44AE-BC17-F41D3E8DABBA}
	EndGlobalSection
EndGlobal
